// !$*UTF8*$!
{
	archiveVersion = 1;
	classes = {
	};
	objectVersion = 55;
	objects = {

/* Begin PBXBuildFile section */
		7B3407B528D4EC4B005CE47E /* SwipeCollectionViewCell.swift in Sources */ = {isa = PBXBuildFile; fileRef = 7B3407B428D4EC4B005CE47E /* SwipeCollectionViewCell.swift */; };
		7B3407B728D4ED95005CE47E /* SwipeCollectionViewController.swift in Sources */ = {isa = PBXBuildFile; fileRef = 7B3407B628D4ED95005CE47E /* SwipeCollectionViewController.swift */; };
		7B3BA5A328CBBA2E0023D97C /* AppDelegate.swift in Sources */ = {isa = PBXBuildFile; fileRef = 7B3BA5A228CBBA2E0023D97C /* AppDelegate.swift */; };
		7B3BA5A528CBBA2E0023D97C /* SceneDelegate.swift in Sources */ = {isa = PBXBuildFile; fileRef = 7B3BA5A428CBBA2E0023D97C /* SceneDelegate.swift */; };
		7B3BA5AA28CBBA2E0023D97C /* Main.storyboard in Resources */ = {isa = PBXBuildFile; fileRef = 7B3BA5A828CBBA2E0023D97C /* Main.storyboard */; };
		7B3BA5AC28CBBA300023D97C /* Assets.xcassets in Resources */ = {isa = PBXBuildFile; fileRef = 7B3BA5AB28CBBA300023D97C /* Assets.xcassets */; };
		7B3BA5AF28CBBA300023D97C /* LaunchScreen.storyboard in Resources */ = {isa = PBXBuildFile; fileRef = 7B3BA5AD28CBBA300023D97C /* LaunchScreen.storyboard */; };
		7B3BA5BA28CBBA310023D97C /* AutoLayoutTests.swift in Sources */ = {isa = PBXBuildFile; fileRef = 7B3BA5B928CBBA310023D97C /* AutoLayoutTests.swift */; };
		7B3BA5C428CBBA310023D97C /* AutoLayoutUITests.swift in Sources */ = {isa = PBXBuildFile; fileRef = 7B3BA5C328CBBA310023D97C /* AutoLayoutUITests.swift */; };
		7B3BA5C628CBBA310023D97C /* AutoLayoutUITestsLaunchTests.swift in Sources */ = {isa = PBXBuildFile; fileRef = 7B3BA5C528CBBA310023D97C /* AutoLayoutUITestsLaunchTests.swift */; };
		7B46D21428D5033000B20F9B /* SwipeCellModel.swift in Sources */ = {isa = PBXBuildFile; fileRef = 7B46D21328D5033000B20F9B /* SwipeCellModel.swift */; };
		7BCD631828D60B71003A2585 /* DatasourceService.swift in Sources */ = {isa = PBXBuildFile; fileRef = 7BCD631728D60B71003A2585 /* DatasourceService.swift */; };
		7BCD631A28D62066003A2585 /* SwipeCollectionViewExtension.swift in Sources */ = {isa = PBXBuildFile; fileRef = 7BCD631928D62066003A2585 /* SwipeCollectionViewExtension.swift */; };
		7BCD631D28D621F4003A2585 /* SwipeControllerCollectionViewDelegateMethodExtension.swift in Sources */ = {isa = PBXBuildFile; fileRef = 7BCD631C28D621F4003A2585 /* SwipeControllerCollectionViewDelegateMethodExtension.swift */; };
		7BCD631F28D62275003A2585 /* SwiperControllerAutoLayoutExtension.swift in Sources */ = {isa = PBXBuildFile; fileRef = 7BCD631E28D62275003A2585 /* SwiperControllerAutoLayoutExtension.swift */; };
		7BCD632128D6231A003A2585 /* SwipeControllerHandlerExtension.swift in Sources */ = {isa = PBXBuildFile; fileRef = 7BCD632028D6231A003A2585 /* SwipeControllerHandlerExtension.swift */; };
/* End PBXBuildFile section */

/* Begin PBXContainerItemProxy section */
		7B3BA5B628CBBA310023D97C /* PBXContainerItemProxy */ = {
			isa = PBXContainerItemProxy;
			containerPortal = 7B3BA59728CBBA2E0023D97C /* Project object */;
			proxyType = 1;
			remoteGlobalIDString = 7B3BA59E28CBBA2E0023D97C;
			remoteInfo = AutoLayout;
		};
		7B3BA5C028CBBA310023D97C /* PBXContainerItemProxy */ = {
			isa = PBXContainerItemProxy;
			containerPortal = 7B3BA59728CBBA2E0023D97C /* Project object */;
			proxyType = 1;
			remoteGlobalIDString = 7B3BA59E28CBBA2E0023D97C;
			remoteInfo = AutoLayout;
		};
/* End PBXContainerItemProxy section */

/* Begin PBXFileReference section */
		7B3407B428D4EC4B005CE47E /* SwipeCollectionViewCell.swift */ = {isa = PBXFileReference; lastKnownFileType = sourcecode.swift; path = SwipeCollectionViewCell.swift; sourceTree = "<group>"; };
		7B3407B628D4ED95005CE47E /* SwipeCollectionViewController.swift */ = {isa = PBXFileReference; lastKnownFileType = sourcecode.swift; path = SwipeCollectionViewController.swift; sourceTree = "<group>"; };
		7B3BA59F28CBBA2E0023D97C /* AutoLayout.app */ = {isa = PBXFileReference; explicitFileType = wrapper.application; includeInIndex = 0; path = AutoLayout.app; sourceTree = BUILT_PRODUCTS_DIR; };
		7B3BA5A228CBBA2E0023D97C /* AppDelegate.swift */ = {isa = PBXFileReference; lastKnownFileType = sourcecode.swift; path = AppDelegate.swift; sourceTree = "<group>"; };
		7B3BA5A428CBBA2E0023D97C /* SceneDelegate.swift */ = {isa = PBXFileReference; lastKnownFileType = sourcecode.swift; path = SceneDelegate.swift; sourceTree = "<group>"; };
		7B3BA5A928CBBA2E0023D97C /* Base */ = {isa = PBXFileReference; lastKnownFileType = file.storyboard; name = Base; path = Base.lproj/Main.storyboard; sourceTree = "<group>"; };
		7B3BA5AB28CBBA300023D97C /* Assets.xcassets */ = {isa = PBXFileReference; lastKnownFileType = folder.assetcatalog; path = Assets.xcassets; sourceTree = "<group>"; };
		7B3BA5AE28CBBA300023D97C /* Base */ = {isa = PBXFileReference; lastKnownFileType = file.storyboard; name = Base; path = Base.lproj/LaunchScreen.storyboard; sourceTree = "<group>"; };
		7B3BA5B028CBBA300023D97C /* Info.plist */ = {isa = PBXFileReference; lastKnownFileType = text.plist.xml; path = Info.plist; sourceTree = "<group>"; };
		7B3BA5B528CBBA310023D97C /* AutoLayoutTests.xctest */ = {isa = PBXFileReference; explicitFileType = wrapper.cfbundle; includeInIndex = 0; path = AutoLayoutTests.xctest; sourceTree = BUILT_PRODUCTS_DIR; };
		7B3BA5B928CBBA310023D97C /* AutoLayoutTests.swift */ = {isa = PBXFileReference; lastKnownFileType = sourcecode.swift; path = AutoLayoutTests.swift; sourceTree = "<group>"; };
		7B3BA5BF28CBBA310023D97C /* AutoLayoutUITests.xctest */ = {isa = PBXFileReference; explicitFileType = wrapper.cfbundle; includeInIndex = 0; path = AutoLayoutUITests.xctest; sourceTree = BUILT_PRODUCTS_DIR; };
		7B3BA5C328CBBA310023D97C /* AutoLayoutUITests.swift */ = {isa = PBXFileReference; lastKnownFileType = sourcecode.swift; path = AutoLayoutUITests.swift; sourceTree = "<group>"; };
		7B3BA5C528CBBA310023D97C /* AutoLayoutUITestsLaunchTests.swift */ = {isa = PBXFileReference; lastKnownFileType = sourcecode.swift; path = AutoLayoutUITestsLaunchTests.swift; sourceTree = "<group>"; };
		7B46D21328D5033000B20F9B /* SwipeCellModel.swift */ = {isa = PBXFileReference; lastKnownFileType = sourcecode.swift; path = SwipeCellModel.swift; sourceTree = "<group>"; };
		7BCD631728D60B71003A2585 /* DatasourceService.swift */ = {isa = PBXFileReference; lastKnownFileType = sourcecode.swift; path = DatasourceService.swift; sourceTree = "<group>"; };
		7BCD631928D62066003A2585 /* SwipeCollectionViewExtension.swift */ = {isa = PBXFileReference; lastKnownFileType = sourcecode.swift; path = SwipeCollectionViewExtension.swift; sourceTree = "<group>"; };
		7BCD631C28D621F4003A2585 /* SwipeControllerCollectionViewDelegateMethodExtension.swift */ = {isa = PBXFileReference; lastKnownFileType = sourcecode.swift; path = SwipeControllerCollectionViewDelegateMethodExtension.swift; sourceTree = "<group>"; };
		7BCD631E28D62275003A2585 /* SwiperControllerAutoLayoutExtension.swift */ = {isa = PBXFileReference; lastKnownFileType = sourcecode.swift; path = SwiperControllerAutoLayoutExtension.swift; sourceTree = "<group>"; };
		7BCD632028D6231A003A2585 /* SwipeControllerHandlerExtension.swift */ = {isa = PBXFileReference; lastKnownFileType = sourcecode.swift; path = SwipeControllerHandlerExtension.swift; sourceTree = "<group>"; };
/* End PBXFileReference section */

/* Begin PBXFrameworksBuildPhase section */
		7B3BA59C28CBBA2E0023D97C /* Frameworks */ = {
			isa = PBXFrameworksBuildPhase;
			buildActionMask = 2147483647;
			files = (
			);
			runOnlyForDeploymentPostprocessing = 0;
		};
		7B3BA5B228CBBA310023D97C /* Frameworks */ = {
			isa = PBXFrameworksBuildPhase;
			buildActionMask = 2147483647;
			files = (
			);
			runOnlyForDeploymentPostprocessing = 0;
		};
		7B3BA5BC28CBBA310023D97C /* Frameworks */ = {
			isa = PBXFrameworksBuildPhase;
			buildActionMask = 2147483647;
			files = (
			);
			runOnlyForDeploymentPostprocessing = 0;
		};
/* End PBXFrameworksBuildPhase section */

/* Begin PBXGroup section */
		7B3BA59628CBBA2E0023D97C = {
			isa = PBXGroup;
			children = (
				7B3BA5A128CBBA2E0023D97C /* AutoLayout */,
				7B3BA5B828CBBA310023D97C /* AutoLayoutTests */,
				7B3BA5C228CBBA310023D97C /* AutoLayoutUITests */,
				7B3BA5A028CBBA2E0023D97C /* Products */,
			);
			sourceTree = "<group>";
		};
		7B3BA5A028CBBA2E0023D97C /* Products */ = {
			isa = PBXGroup;
			children = (
				7B3BA59F28CBBA2E0023D97C /* AutoLayout.app */,
				7B3BA5B528CBBA310023D97C /* AutoLayoutTests.xctest */,
				7B3BA5BF28CBBA310023D97C /* AutoLayoutUITests.xctest */,
			);
			name = Products;
			sourceTree = "<group>";
		};
		7B3BA5A128CBBA2E0023D97C /* AutoLayout */ = {
			isa = PBXGroup;
			children = (
				7BCD631628D60B60003A2585 /* Service */,
				7B46D21228D5030700B20F9B /* Model */,
				7B3BA5D228CCE25A0023D97C /* SwipeController */,
				7B3BA5A228CBBA2E0023D97C /* AppDelegate.swift */,
				7B3BA5A428CBBA2E0023D97C /* SceneDelegate.swift */,
				7B3BA5A828CBBA2E0023D97C /* Main.storyboard */,
				7B3BA5AB28CBBA300023D97C /* Assets.xcassets */,
				7B3BA5AD28CBBA300023D97C /* LaunchScreen.storyboard */,
				7B3BA5B028CBBA300023D97C /* Info.plist */,
			);
			path = AutoLayout;
			sourceTree = "<group>";
		};
		7B3BA5B828CBBA310023D97C /* AutoLayoutTests */ = {
			isa = PBXGroup;
			children = (
				7B3BA5B928CBBA310023D97C /* AutoLayoutTests.swift */,
			);
			path = AutoLayoutTests;
			sourceTree = "<group>";
		};
		7B3BA5C228CBBA310023D97C /* AutoLayoutUITests */ = {
			isa = PBXGroup;
			children = (
				7B3BA5C328CBBA310023D97C /* AutoLayoutUITests.swift */,
				7B3BA5C528CBBA310023D97C /* AutoLayoutUITestsLaunchTests.swift */,
			);
			path = AutoLayoutUITests;
			sourceTree = "<group>";
		};
		7B3BA5D228CCE25A0023D97C /* SwipeController */ = {
			isa = PBXGroup;
			children = (
				7BCD631B28D6219D003A2585 /* Extension */,
				7B3407B428D4EC4B005CE47E /* SwipeCollectionViewCell.swift */,
				7B3407B628D4ED95005CE47E /* SwipeCollectionViewController.swift */,
			);
			path = SwipeController;
			sourceTree = "<group>";
		};
		7B46D21228D5030700B20F9B /* Model */ = {
			isa = PBXGroup;
			children = (
				7B46D21328D5033000B20F9B /* SwipeCellModel.swift */,
			);
			path = Model;
			sourceTree = "<group>";
		};
		7BCD631628D60B60003A2585 /* Service */ = {
			isa = PBXGroup;
			children = (
				7BCD631728D60B71003A2585 /* DatasourceService.swift */,
			);
			path = Service;
			sourceTree = "<group>";
		};
		7BCD631B28D6219D003A2585 /* Extension */ = {
			isa = PBXGroup;
			children = (
				7BCD631928D62066003A2585 /* SwipeCollectionViewExtension.swift */,
				7BCD631C28D621F4003A2585 /* SwipeControllerCollectionViewDelegateMethodExtension.swift */,
				7BCD631E28D62275003A2585 /* SwiperControllerAutoLayoutExtension.swift */,
				7BCD632028D6231A003A2585 /* SwipeControllerHandlerExtension.swift */,
			);
			path = Extension;
			sourceTree = "<group>";
		};
/* End PBXGroup section */

/* Begin PBXNativeTarget section */
		7B3BA59E28CBBA2E0023D97C /* AutoLayout */ = {
			isa = PBXNativeTarget;
			buildConfigurationList = 7B3BA5C928CBBA310023D97C /* Build configuration list for PBXNativeTarget "AutoLayout" */;
			buildPhases = (
				7B3BA59B28CBBA2E0023D97C /* Sources */,
				7B3BA59C28CBBA2E0023D97C /* Frameworks */,
				7B3BA59D28CBBA2E0023D97C /* Resources */,
			);
			buildRules = (
			);
			dependencies = (
			);
			name = AutoLayout;
			productName = AutoLayout;
			productReference = 7B3BA59F28CBBA2E0023D97C /* AutoLayout.app */;
			productType = "com.apple.product-type.application";
		};
		7B3BA5B428CBBA310023D97C /* AutoLayoutTests */ = {
			isa = PBXNativeTarget;
			buildConfigurationList = 7B3BA5CC28CBBA310023D97C /* Build configuration list for PBXNativeTarget "AutoLayoutTests" */;
			buildPhases = (
				7B3BA5B128CBBA310023D97C /* Sources */,
				7B3BA5B228CBBA310023D97C /* Frameworks */,
				7B3BA5B328CBBA310023D97C /* Resources */,
			);
			buildRules = (
			);
			dependencies = (
				7B3BA5B728CBBA310023D97C /* PBXTargetDependency */,
			);
			name = AutoLayoutTests;
			productName = AutoLayoutTests;
			productReference = 7B3BA5B528CBBA310023D97C /* AutoLayoutTests.xctest */;
			productType = "com.apple.product-type.bundle.unit-test";
		};
		7B3BA5BE28CBBA310023D97C /* AutoLayoutUITests */ = {
			isa = PBXNativeTarget;
			buildConfigurationList = 7B3BA5CF28CBBA310023D97C /* Build configuration list for PBXNativeTarget "AutoLayoutUITests" */;
			buildPhases = (
				7B3BA5BB28CBBA310023D97C /* Sources */,
				7B3BA5BC28CBBA310023D97C /* Frameworks */,
				7B3BA5BD28CBBA310023D97C /* Resources */,
			);
			buildRules = (
			);
			dependencies = (
				7B3BA5C128CBBA310023D97C /* PBXTargetDependency */,
			);
			name = AutoLayoutUITests;
			productName = AutoLayoutUITests;
			productReference = 7B3BA5BF28CBBA310023D97C /* AutoLayoutUITests.xctest */;
			productType = "com.apple.product-type.bundle.ui-testing";
		};
/* End PBXNativeTarget section */

/* Begin PBXProject section */
		7B3BA59728CBBA2E0023D97C /* Project object */ = {
			isa = PBXProject;
			attributes = {
				BuildIndependentTargetsInParallel = 1;
				LastSwiftUpdateCheck = 1340;
				LastUpgradeCheck = 1340;
				TargetAttributes = {
					7B3BA59E28CBBA2E0023D97C = {
						CreatedOnToolsVersion = 13.4.1;
					};
					7B3BA5B428CBBA310023D97C = {
						CreatedOnToolsVersion = 13.4.1;
						TestTargetID = 7B3BA59E28CBBA2E0023D97C;
					};
					7B3BA5BE28CBBA310023D97C = {
						CreatedOnToolsVersion = 13.4.1;
						TestTargetID = 7B3BA59E28CBBA2E0023D97C;
					};
				};
			};
			buildConfigurationList = 7B3BA59A28CBBA2E0023D97C /* Build configuration list for PBXProject "AutoLayout" */;
			compatibilityVersion = "Xcode 13.0";
			developmentRegion = en;
			hasScannedForEncodings = 0;
			knownRegions = (
				en,
				Base,
			);
			mainGroup = 7B3BA59628CBBA2E0023D97C;
			productRefGroup = 7B3BA5A028CBBA2E0023D97C /* Products */;
			projectDirPath = "";
			projectRoot = "";
			targets = (
				7B3BA59E28CBBA2E0023D97C /* AutoLayout */,
				7B3BA5B428CBBA310023D97C /* AutoLayoutTests */,
				7B3BA5BE28CBBA310023D97C /* AutoLayoutUITests */,
			);
		};
/* End PBXProject section */

/* Begin PBXResourcesBuildPhase section */
		7B3BA59D28CBBA2E0023D97C /* Resources */ = {
			isa = PBXResourcesBuildPhase;
			buildActionMask = 2147483647;
			files = (
				7B3BA5AF28CBBA300023D97C /* LaunchScreen.storyboard in Resources */,
				7B3BA5AC28CBBA300023D97C /* Assets.xcassets in Resources */,
				7B3BA5AA28CBBA2E0023D97C /* Main.storyboard in Resources */,
			);
			runOnlyForDeploymentPostprocessing = 0;
		};
		7B3BA5B328CBBA310023D97C /* Resources */ = {
			isa = PBXResourcesBuildPhase;
			buildActionMask = 2147483647;
			files = (
			);
			runOnlyForDeploymentPostprocessing = 0;
		};
		7B3BA5BD28CBBA310023D97C /* Resources */ = {
			isa = PBXResourcesBuildPhase;
			buildActionMask = 2147483647;
			files = (
			);
			runOnlyForDeploymentPostprocessing = 0;
		};
/* End PBXResourcesBuildPhase section */

/* Begin PBXSourcesBuildPhase section */
		7B3BA59B28CBBA2E0023D97C /* Sources */ = {
			isa = PBXSourcesBuildPhase;
			buildActionMask = 2147483647;
			files = (
				7B3BA5A328CBBA2E0023D97C /* AppDelegate.swift in Sources */,
				7B46D21428D5033000B20F9B /* SwipeCellModel.swift in Sources */,
				7BCD632128D6231A003A2585 /* SwipeControllerHandlerExtension.swift in Sources */,
				7B3BA5A528CBBA2E0023D97C /* SceneDelegate.swift in Sources */,
				7BCD631828D60B71003A2585 /* DatasourceService.swift in Sources */,
				7BCD631A28D62066003A2585 /* SwipeCollectionViewExtension.swift in Sources */,
				7B3407B728D4ED95005CE47E /* SwipeCollectionViewController.swift in Sources */,
				7B3407B528D4EC4B005CE47E /* SwipeCollectionViewCell.swift in Sources */,
				7BCD631F28D62275003A2585 /* SwiperControllerAutoLayoutExtension.swift in Sources */,
				7BCD631D28D621F4003A2585 /* SwipeControllerCollectionViewDelegateMethodExtension.swift in Sources */,
			);
			runOnlyForDeploymentPostprocessing = 0;
		};
		7B3BA5B128CBBA310023D97C /* Sources */ = {
			isa = PBXSourcesBuildPhase;
			buildActionMask = 2147483647;
			files = (
				7B3BA5BA28CBBA310023D97C /* AutoLayoutTests.swift in Sources */,
			);
			runOnlyForDeploymentPostprocessing = 0;
		};
		7B3BA5BB28CBBA310023D97C /* Sources */ = {
			isa = PBXSourcesBuildPhase;
			buildActionMask = 2147483647;
			files = (
				7B3BA5C428CBBA310023D97C /* AutoLayoutUITests.swift in Sources */,
				7B3BA5C628CBBA310023D97C /* AutoLayoutUITestsLaunchTests.swift in Sources */,
			);
			runOnlyForDeploymentPostprocessing = 0;
		};
/* End PBXSourcesBuildPhase section */

/* Begin PBXTargetDependency section */
		7B3BA5B728CBBA310023D97C /* PBXTargetDependency */ = {
			isa = PBXTargetDependency;
			target = 7B3BA59E28CBBA2E0023D97C /* AutoLayout */;
			targetProxy = 7B3BA5B628CBBA310023D97C /* PBXContainerItemProxy */;
		};
		7B3BA5C128CBBA310023D97C /* PBXTargetDependency */ = {
			isa = PBXTargetDependency;
			target = 7B3BA59E28CBBA2E0023D97C /* AutoLayout */;
			targetProxy = 7B3BA5C028CBBA310023D97C /* PBXContainerItemProxy */;
		};
/* End PBXTargetDependency section */

/* Begin PBXVariantGroup section */
		7B3BA5A828CBBA2E0023D97C /* Main.storyboard */ = {
			isa = PBXVariantGroup;
			children = (
				7B3BA5A928CBBA2E0023D97C /* Base */,
			);
			name = Main.storyboard;
			sourceTree = "<group>";
		};
		7B3BA5AD28CBBA300023D97C /* LaunchScreen.storyboard */ = {
			isa = PBXVariantGroup;
			children = (
				7B3BA5AE28CBBA300023D97C /* Base */,
			);
			name = LaunchScreen.storyboard;
			sourceTree = "<group>";
		};
/* End PBXVariantGroup section */

/* Begin XCBuildConfiguration section */
		7B3BA5C728CBBA310023D97C /* Debug */ = {
			isa = XCBuildConfiguration;
			buildSettings = {
				ALWAYS_SEARCH_USER_PATHS = NO;
				CLANG_ANALYZER_NONNULL = YES;
				CLANG_ANALYZER_NUMBER_OBJECT_CONVERSION = YES_AGGRESSIVE;
				CLANG_CXX_LANGUAGE_STANDARD = "gnu++17";
				CLANG_ENABLE_MODULES = YES;
				CLANG_ENABLE_OBJC_ARC = YES;
				CLANG_ENABLE_OBJC_WEAK = YES;
				CLANG_WARN_BLOCK_CAPTURE_AUTORELEASING = YES;
				CLANG_WARN_BOOL_CONVERSION = YES;
				CLANG_WARN_COMMA = YES;
				CLANG_WARN_CONSTANT_CONVERSION = YES;
				CLANG_WARN_DEPRECATED_OBJC_IMPLEMENTATIONS = YES;
				CLANG_WARN_DIRECT_OBJC_ISA_USAGE = YES_ERROR;
				CLANG_WARN_DOCUMENTATION_COMMENTS = YES;
				CLANG_WARN_EMPTY_BODY = YES;
				CLANG_WARN_ENUM_CONVERSION = YES;
				CLANG_WARN_INFINITE_RECURSION = YES;
				CLANG_WARN_INT_CONVERSION = YES;
				CLANG_WARN_NON_LITERAL_NULL_CONVERSION = YES;
				CLANG_WARN_OBJC_IMPLICIT_RETAIN_SELF = YES;
				CLANG_WARN_OBJC_LITERAL_CONVERSION = YES;
				CLANG_WARN_OBJC_ROOT_CLASS = YES_ERROR;
				CLANG_WARN_QUOTED_INCLUDE_IN_FRAMEWORK_HEADER = YES;
				CLANG_WARN_RANGE_LOOP_ANALYSIS = YES;
				CLANG_WARN_STRICT_PROTOTYPES = YES;
				CLANG_WARN_SUSPICIOUS_MOVE = YES;
				CLANG_WARN_UNGUARDED_AVAILABILITY = YES_AGGRESSIVE;
				CLANG_WARN_UNREACHABLE_CODE = YES;
				CLANG_WARN__DUPLICATE_METHOD_MATCH = YES;
				COPY_PHASE_STRIP = NO;
				DEBUG_INFORMATION_FORMAT = dwarf;
				ENABLE_STRICT_OBJC_MSGSEND = YES;
				ENABLE_TESTABILITY = YES;
				GCC_C_LANGUAGE_STANDARD = gnu11;
				GCC_DYNAMIC_NO_PIC = NO;
				GCC_NO_COMMON_BLOCKS = YES;
				GCC_OPTIMIZATION_LEVEL = 0;
				GCC_PREPROCESSOR_DEFINITIONS = (
					"DEBUG=1",
					"$(inherited)",
				);
				GCC_WARN_64_TO_32_BIT_CONVERSION = YES;
				GCC_WARN_ABOUT_RETURN_TYPE = YES_ERROR;
				GCC_WARN_UNDECLARED_SELECTOR = YES;
				GCC_WARN_UNINITIALIZED_AUTOS = YES_AGGRESSIVE;
				GCC_WARN_UNUSED_FUNCTION = YES;
				GCC_WARN_UNUSED_VARIABLE = YES;
				IPHONEOS_DEPLOYMENT_TARGET = 15.5;
				MTL_ENABLE_DEBUG_INFO = INCLUDE_SOURCE;
				MTL_FAST_MATH = YES;
				ONLY_ACTIVE_ARCH = YES;
				SDKROOT = iphoneos;
				SWIFT_ACTIVE_COMPILATION_CONDITIONS = DEBUG;
				SWIFT_OPTIMIZATION_LEVEL = "-Onone";
			};
			name = Debug;
		};
		7B3BA5C828CBBA310023D97C /* Release */ = {
			isa = XCBuildConfiguration;
			buildSettings = {
				ALWAYS_SEARCH_USER_PATHS = NO;
				CLANG_ANALYZER_NONNULL = YES;
				CLANG_ANALYZER_NUMBER_OBJECT_CONVERSION = YES_AGGRESSIVE;
				CLANG_CXX_LANGUAGE_STANDARD = "gnu++17";
				CLANG_ENABLE_MODULES = YES;
				CLANG_ENABLE_OBJC_ARC = YES;
				CLANG_ENABLE_OBJC_WEAK = YES;
				CLANG_WARN_BLOCK_CAPTURE_AUTORELEASING = YES;
				CLANG_WARN_BOOL_CONVERSION = YES;
				CLANG_WARN_COMMA = YES;
				CLANG_WARN_CONSTANT_CONVERSION = YES;
				CLANG_WARN_DEPRECATED_OBJC_IMPLEMENTATIONS = YES;
				CLANG_WARN_DIRECT_OBJC_ISA_USAGE = YES_ERROR;
				CLANG_WARN_DOCUMENTATION_COMMENTS = YES;
				CLANG_WARN_EMPTY_BODY = YES;
				CLANG_WARN_ENUM_CONVERSION = YES;
				CLANG_WARN_INFINITE_RECURSION = YES;
				CLANG_WARN_INT_CONVERSION = YES;
				CLANG_WARN_NON_LITERAL_NULL_CONVERSION = YES;
				CLANG_WARN_OBJC_IMPLICIT_RETAIN_SELF = YES;
				CLANG_WARN_OBJC_LITERAL_CONVERSION = YES;
				CLANG_WARN_OBJC_ROOT_CLASS = YES_ERROR;
				CLANG_WARN_QUOTED_INCLUDE_IN_FRAMEWORK_HEADER = YES;
				CLANG_WARN_RANGE_LOOP_ANALYSIS = YES;
				CLANG_WARN_STRICT_PROTOTYPES = YES;
				CLANG_WARN_SUSPICIOUS_MOVE = YES;
				CLANG_WARN_UNGUARDED_AVAILABILITY = YES_AGGRESSIVE;
				CLANG_WARN_UNREACHABLE_CODE = YES;
				CLANG_WARN__DUPLICATE_METHOD_MATCH = YES;
				COPY_PHASE_STRIP = NO;
				DEBUG_INFORMATION_FORMAT = "dwarf-with-dsym";
				ENABLE_NS_ASSERTIONS = NO;
				ENABLE_STRICT_OBJC_MSGSEND = YES;
				GCC_C_LANGUAGE_STANDARD = gnu11;
				GCC_NO_COMMON_BLOCKS = YES;
				GCC_WARN_64_TO_32_BIT_CONVERSION = YES;
				GCC_WARN_ABOUT_RETURN_TYPE = YES_ERROR;
				GCC_WARN_UNDECLARED_SELECTOR = YES;
				GCC_WARN_UNINITIALIZED_AUTOS = YES_AGGRESSIVE;
				GCC_WARN_UNUSED_FUNCTION = YES;
				GCC_WARN_UNUSED_VARIABLE = YES;
				IPHONEOS_DEPLOYMENT_TARGET = 15.5;
				MTL_ENABLE_DEBUG_INFO = NO;
				MTL_FAST_MATH = YES;
				SDKROOT = iphoneos;
				SWIFT_COMPILATION_MODE = wholemodule;
				SWIFT_OPTIMIZATION_LEVEL = "-O";
				VALIDATE_PRODUCT = YES;
			};
			name = Release;
		};
		7B3BA5CA28CBBA310023D97C /* Debug */ = {
			isa = XCBuildConfiguration;
			buildSettings = {
				ASSETCATALOG_COMPILER_APPICON_NAME = AppIcon;
				ASSETCATALOG_COMPILER_GLOBAL_ACCENT_COLOR_NAME = AccentColor;
				CODE_SIGN_STYLE = Automatic;
				CURRENT_PROJECT_VERSION = 1;
				DEVELOPMENT_TEAM = S5ZVG5XXCG;
				GENERATE_INFOPLIST_FILE = YES;
				INFOPLIST_FILE = AutoLayout/Info.plist;
				INFOPLIST_KEY_UIApplicationSupportsIndirectInputEvents = YES;
				INFOPLIST_KEY_UILaunchStoryboardName = LaunchScreen;
				INFOPLIST_KEY_UIMainStoryboardFile = Main;
				INFOPLIST_KEY_UISupportedInterfaceOrientations = "UIInterfaceOrientationLandscapeRight UIInterfaceOrientationLandscapeLeft UIInterfaceOrientationPortraitUpsideDown UIInterfaceOrientationPortrait";
				INFOPLIST_KEY_UISupportedInterfaceOrientations_iPad = "UIInterfaceOrientationPortrait UIInterfaceOrientationPortraitUpsideDown UIInterfaceOrientationLandscapeLeft UIInterfaceOrientationLandscapeRight";
				INFOPLIST_KEY_UISupportedInterfaceOrientations_iPhone = "UIInterfaceOrientationPortrait UIInterfaceOrientationLandscapeLeft UIInterfaceOrientationLandscapeRight";
				LD_RUNPATH_SEARCH_PATHS = (
					"$(inherited)",
					"@executable_path/Frameworks",
				);
				MARKETING_VERSION = 1.0;
				PRODUCT_BUNDLE_IDENTIFIER = dev.zoominitcode.autolayout.AutoLayout;
				PRODUCT_NAME = "$(TARGET_NAME)";
				SWIFT_EMIT_LOC_STRINGS = YES;
				SWIFT_VERSION = 5.0;
				TARGETED_DEVICE_FAMILY = 1;
			};
			name = Debug;
		};
		7B3BA5CB28CBBA310023D97C /* Release */ = {
			isa = XCBuildConfiguration;
			buildSettings = {
				ASSETCATALOG_COMPILER_APPICON_NAME = AppIcon;
				ASSETCATALOG_COMPILER_GLOBAL_ACCENT_COLOR_NAME = AccentColor;
				CODE_SIGN_STYLE = Automatic;
				CURRENT_PROJECT_VERSION = 1;
				DEVELOPMENT_TEAM = S5ZVG5XXCG;
				GENERATE_INFOPLIST_FILE = YES;
				INFOPLIST_FILE = AutoLayout/Info.plist;
				INFOPLIST_KEY_UIApplicationSupportsIndirectInputEvents = YES;
				INFOPLIST_KEY_UILaunchStoryboardName = LaunchScreen;
				INFOPLIST_KEY_UIMainStoryboardFile = Main;
				INFOPLIST_KEY_UISupportedInterfaceOrientations = "UIInterfaceOrientationLandscapeRight UIInterfaceOrientationLandscapeLeft UIInterfaceOrientationPortraitUpsideDown UIInterfaceOrientationPortrait";
				INFOPLIST_KEY_UISupportedInterfaceOrientations_iPad = "UIInterfaceOrientationPortrait UIInterfaceOrientationPortraitUpsideDown UIInterfaceOrientationLandscapeLeft UIInterfaceOrientationLandscapeRight";
				INFOPLIST_KEY_UISupportedInterfaceOrientations_iPhone = "UIInterfaceOrientationPortrait UIInterfaceOrientationLandscapeLeft UIInterfaceOrientationLandscapeRight";
				LD_RUNPATH_SEARCH_PATHS = (
					"$(inherited)",
					"@executable_path/Frameworks",
				);
				MARKETING_VERSION = 1.0;
				PRODUCT_BUNDLE_IDENTIFIER = dev.zoominitcode.autolayout.AutoLayout;
				PRODUCT_NAME = "$(TARGET_NAME)";
				SWIFT_EMIT_LOC_STRINGS = YES;
				SWIFT_VERSION = 5.0;
				TARGETED_DEVICE_FAMILY = 1;
			};
			name = Release;
		};
		7B3BA5CD28CBBA310023D97C /* Debug */ = {
			isa = XCBuildConfiguration;
			buildSettings = {
				ALWAYS_EMBED_SWIFT_STANDARD_LIBRARIES = YES;
				BUNDLE_LOADER = "$(TEST_HOST)";
				CODE_SIGN_STYLE = Automatic;
				CURRENT_PROJECT_VERSION = 1;
				DEVELOPMENT_TEAM = S5ZVG5XXCG;
				GENERATE_INFOPLIST_FILE = YES;
				IPHONEOS_DEPLOYMENT_TARGET = 15.5;
				MARKETING_VERSION = 1.0;
				PRODUCT_BUNDLE_IDENTIFIER = dev.zoominitcode.autolayout.AutoLayoutTests;
				PRODUCT_NAME = "$(TARGET_NAME)";
				SWIFT_EMIT_LOC_STRINGS = NO;
				SWIFT_VERSION = 5.0;
				TARGETED_DEVICE_FAMILY = "1,2";
				TEST_HOST = "$(BUILT_PRODUCTS_DIR)/AutoLayout.app/AutoLayout";
			};
			name = Debug;
		};
		7B3BA5CE28CBBA310023D97C /* Release */ = {
			isa = XCBuildConfiguration;
			buildSettings = {
				ALWAYS_EMBED_SWIFT_STANDARD_LIBRARIES = YES;
				BUNDLE_LOADER = "$(TEST_HOST)";
				CODE_SIGN_STYLE = Automatic;
				CURRENT_PROJECT_VERSION = 1;
				DEVELOPMENT_TEAM = S5ZVG5XXCG;
				GENERATE_INFOPLIST_FILE = YES;
				IPHONEOS_DEPLOYMENT_TARGET = 15.5;
				MARKETING_VERSION = 1.0;
				PRODUCT_BUNDLE_IDENTIFIER = dev.zoominitcode.autolayout.AutoLayoutTests;
				PRODUCT_NAME = "$(TARGET_NAME)";
				SWIFT_EMIT_LOC_STRINGS = NO;
				SWIFT_VERSION = 5.0;
				TARGETED_DEVICE_FAMILY = "1,2";
				TEST_HOST = "$(BUILT_PRODUCTS_DIR)/AutoLayout.app/AutoLayout";
			};
			name = Release;
		};
		7B3BA5D028CBBA310023D97C /* Debug */ = {
			isa = XCBuildConfiguration;
			buildSettings = {
				ALWAYS_EMBED_SWIFT_STANDARD_LIBRARIES = YES;
				CODE_SIGN_STYLE = Automatic;
				CURRENT_PROJECT_VERSION = 1;
				DEVELOPMENT_TEAM = S5ZVG5XXCG;
				GENERATE_INFOPLIST_FILE = YES;
				MARKETING_VERSION = 1.0;
				PRODUCT_BUNDLE_IDENTIFIER = dev.zoominitcode.autolayout.AutoLayoutUITests;
				PRODUCT_NAME = "$(TARGET_NAME)";
				SWIFT_EMIT_LOC_STRINGS = NO;
				SWIFT_VERSION = 5.0;
				TARGETED_DEVICE_FAMILY = "1,2";
				TEST_TARGET_NAME = AutoLayout;
			};
			name = Debug;
		};
		7B3BA5D128CBBA310023D97C /* Release */ = {
			isa = XCBuildConfiguration;
			buildSettings = {
				ALWAYS_EMBED_SWIFT_STANDARD_LIBRARIES = YES;
				CODE_SIGN_STYLE = Automatic;
				CURRENT_PROJECT_VERSION = 1;
				DEVELOPMENT_TEAM = S5ZVG5XXCG;
				GENERATE_INFOPLIST_FILE = YES;
				MARKETING_VERSION = 1.0;
				PRODUCT_BUNDLE_IDENTIFIER = dev.zoominitcode.autolayout.AutoLayoutUITests;
				PRODUCT_NAME = "$(TARGET_NAME)";
				SWIFT_EMIT_LOC_STRINGS = NO;
				SWIFT_VERSION = 5.0;
				TARGETED_DEVICE_FAMILY = "1,2";
				TEST_TARGET_NAME = AutoLayout;
			};
			name = Release;
		};
/* End XCBuildConfiguration section */

/* Begin XCConfigurationList section */
		7B3BA59A28CBBA2E0023D97C /* Build configuration list for PBXProject "AutoLayout" */ = {
			isa = XCConfigurationList;
			buildConfigurations = (
				7B3BA5C728CBBA310023D97C /* Debug */,
				7B3BA5C828CBBA310023D97C /* Release */,
			);
			defaultConfigurationIsVisible = 0;
			defaultConfigurationName = Release;
		};
		7B3BA5C928CBBA310023D97C /* Build configuration list for PBXNativeTarget "AutoLayout" */ = {
			isa = XCConfigurationList;
			buildConfigurations = (
				7B3BA5CA28CBBA310023D97C /* Debug */,
				7B3BA5CB28CBBA310023D97C /* Release */,
			);
			defaultConfigurationIsVisible = 0;
			defaultConfigurationName = Release;
		};
		7B3BA5CC28CBBA310023D97C /* Build configuration list for PBXNativeTarget "AutoLayoutTests" */ = {
			isa = XCConfigurationList;
			buildConfigurations = (
				7B3BA5CD28CBBA310023D97C /* Debug */,
				7B3BA5CE28CBBA310023D97C /* Release */,
			);
			defaultConfigurationIsVisible = 0;
			defaultConfigurationName = Release;
		};
		7B3BA5CF28CBBA310023D97C /* Build configuration list for PBXNativeTarget "AutoLayoutUITests" */ = {
			isa = XCConfigurationList;
			buildConfigurations = (
				7B3BA5D028CBBA310023D97C /* Debug */,
				7B3BA5D128CBBA310023D97C /* Release */,
			);
			defaultConfigurationIsVisible = 0;
			defaultConfigurationName = Release;
		};
/* End XCConfigurationList section */
	};
	rootObject = 7B3BA59728CBBA2E0023D97C /* Project object */;
}
